
Microsoft Visual Studio Solution File, Format Version 12.00
# Visual Studio 15
VisualStudioVersion = 15.0.27130.2036
MinimumVisualStudioVersion = 10.0.40219.1
Project("{FAE04EC0-301F-11D3-BF4B-00C04F79EFBC}") = "Grimoire", "Grimoire\Grimoire.csproj", "{386B9E84-D172-4917-BF1E-7E176495F737}"
EndProject
Project("{FAE04EC0-301F-11D3-BF4B-00C04F79EFBC}") = "Grimoire.Data", "Grimoire.Data\Grimoire.Data.csproj", "{1E9832BF-209E-451A-899C-9FEB2CA35F8C}"
EndProject
Project("{FAE04EC0-301F-11D3-BF4B-00C04F79EFBC}") = "Grimoire.Domain", "Grimoire.Domain\Grimoire.Domain.csproj", "{F07A4712-2F61-48E7-A88E-DC1FF4C6EF51}"
EndProject
Global
	GlobalSection(SolutionConfigurationPlatforms) = preSolution
		Debug|Any CPU = Debug|Any CPU
		Release|Any CPU = Release|Any CPU
	EndGlobalSection
	GlobalSection(ProjectConfigurationPlatforms) = postSolution
		{386B9E84-D172-4917-BF1E-7E176495F737}.Debug|Any CPU.ActiveCfg = Debug|Any CPU
		{386B9E84-D172-4917-BF1E-7E176495F737}.Debug|Any CPU.Build.0 = Debug|Any CPU
		{386B9E84-D172-4917-BF1E-7E176495F737}.Release|Any CPU.ActiveCfg = Release|Any CPU
		{386B9E84-D172-4917-BF1E-7E176495F737}.Release|Any CPU.Build.0 = Release|Any CPU
		{1E9832BF-209E-451A-899C-9FEB2CA35F8C}.Debug|Any CPU.ActiveCfg = Debug|Any CPU
		{1E9832BF-209E-451A-899C-9FEB2CA35F8C}.Debug|Any CPU.Build.0 = Debug|Any CPU
		{1E9832BF-209E-451A-899C-9FEB2CA35F8C}.Release|Any CPU.ActiveCfg = Release|Any CPU
		{1E9832BF-209E-451A-899C-9FEB2CA35F8C}.Release|Any CPU.Build.0 = Release|Any CPU
		{F07A4712-2F61-48E7-A88E-DC1FF4C6EF51}.Debug|Any CPU.ActiveCfg = Debug|Any CPU
		{F07A4712-2F61-48E7-A88E-DC1FF4C6EF51}.Debug|Any CPU.Build.0 = Debug|Any CPU
		{F07A4712-2F61-48E7-A88E-DC1FF4C6EF51}.Release|Any CPU.ActiveCfg = Release|Any CPU
		{F07A4712-2F61-48E7-A88E-DC1FF4C6EF51}.Release|Any CPU.Build.0 = Release|Any CPU
	EndGlobalSection
	GlobalSection(SolutionProperties) = preSolution
		HideSolutionNode = FALSE
	EndGlobalSection
	GlobalSection(ExtensibilityGlobals) = postSolution
		SolutionGuid = {53DFB503-FDB2-4166-BB65-72B29256F2E2}
	EndGlobalSection
EndGlobal
